<?xml version="1.0" encoding="utf-8"?>
<Project ToolsVersion="4.0" xmlns="http://schemas.microsoft.com/developer/msbuild/2003">
  <ItemGroup>
    <ClCompile Include="main.cpp" />
    <ClCompile Include="Core\Algorithm.cpp">
      <Filter>Core</Filter>
    </ClCompile>
    <ClCompile Include="Core\Analyzer.cpp">
      <Filter>Core</Filter>
    </ClCompile>
    <ClCompile Include="Core\AVPullStream.cpp">
      <Filter>Core</Filter>
    </ClCompile>
    <ClCompile Include="Core\AVPushStream.cpp">
      <Filter>Core</Filter>
    </ClCompile>
    <ClCompile Include="Core\Config.cpp">
      <Filter>Core</Filter>
    </ClCompile>
    <ClCompile Include="Core\Control.cpp">
      <Filter>Core</Filter>
    </ClCompile>
    <ClCompile Include="Core\ControlExecutor.cpp">
      <Filter>Core</Filter>
    </ClCompile>
    <ClCompile Include="Core\Utils\Request.cpp">
      <Filter>Core\Utils</Filter>
    </ClCompile>
    <ClCompile Include="Core\Scheduler.cpp">
      <Filter>Core</Filter>
    </ClCompile>
    <ClCompile Include="Core\Server.cpp">
      <Filter>Core</Filter>
    </ClCompile>
    <ClCompile Include="Core\AlgorithmWithAPI.cpp">
      <Filter>Core</Filter>
    </ClCompile>
    <ClCompile Include="Core\Utils\PutText.cpp">
      <Filter>Core\Utils</Filter>
    </ClCompile>
    <ClCompile Include="Core\AlgorithmWithPy.cpp">
      <Filter>Core</Filter>
    </ClCompile>
    <ClCompile Include="Core\AlgorithmWithTensorRT.cpp">
      <Filter>Core</Filter>
    </ClCompile>
  </ItemGroup>
  <ItemGroup>
    <ClInclude Include="Core\Algorithm.h">
      <Filter>Core</Filter>
    </ClInclude>
    <ClInclude Include="Core\Analyzer.h">
      <Filter>Core</Filter>
    </ClInclude>
    <ClInclude Include="Core\AVPullStream.h">
      <Filter>Core</Filter>
    </ClInclude>
    <ClInclude Include="Core\AVPushStream.h">
      <Filter>Core</Filter>
    </ClInclude>
    <ClInclude Include="Core\Utils\Base64.h">
      <Filter>Core\Utils</Filter>
    </ClInclude>
    <ClInclude Include="Core\Utils\Common.h">
      <Filter>Core\Utils</Filter>
    </ClInclude>
    <ClInclude Include="Core\Config.h">
      <Filter>Core</Filter>
    </ClInclude>
    <ClInclude Include="Core\Control.h">
      <Filter>Core</Filter>
    </ClInclude>
    <ClInclude Include="Core\ControlExecutor.h">
      <Filter>Core</Filter>
    </ClInclude>
    <ClInclude Include="Core\Utils\Log.h">
      <Filter>Core\Utils</Filter>
    </ClInclude>
    <ClInclude Include="Core\Utils\Request.h">
      <Filter>Core\Utils</Filter>
    </ClInclude>
    <ClInclude Include="Core\Scheduler.h">
      <Filter>Core</Filter>
    </ClInclude>
    <ClInclude Include="Core\Server.h">
      <Filter>Core</Filter>
    </ClInclude>
    <ClInclude Include="Core\Utils\Version.h">
      <Filter>Core\Utils</Filter>
    </ClInclude>
    <ClInclude Include="Core\AlgorithmWithAPI.h">
      <Filter>Core</Filter>
    </ClInclude>
    <ClInclude Include="Core\Utils\PutText.h">
      <Filter>Core\Utils</Filter>
    </ClInclude>
    <ClInclude Include="Core\AlgorithmWithPy.h">
      <Filter>Core</Filter>
    </ClInclude>
    <ClInclude Include="Core\AlgorithmWithTensorRT.h">
      <Filter>Core</Filter>
    </ClInclude>
  </ItemGroup>
  <ItemGroup>
    <Filter Include="Core">
      <UniqueIdentifier>{1fa16ea4-a944-49ca-90cf-b2fc9dd16b6f}</UniqueIdentifier>
    </Filter>
    <Filter Include="Core\Utils">
      <UniqueIdentifier>{fa6f8f36-3dd0-4170-aebc-6cd5fe2cad52}</UniqueIdentifier>
    </Filter>
  </ItemGroup>
  <ItemGroup>
    <None Include="..\config.json" />
    <None Include="..\README.md" />
  </ItemGroup>
</Project>